// !$*UTF8*$!
{
	archiveVersion = 1;
	classes = {
	};
	objectVersion = 46;
	objects = {

/* Begin PBXBuildFile section */
		34F9452316D1D22A000C9620 /* UIKit.framework in Frameworks */ = {isa = PBXBuildFile; fileRef = 34F9452216D1D22A000C9620 /* UIKit.framework */; };
		34F9452516D1D22A000C9620 /* Foundation.framework in Frameworks */ = {isa = PBXBuildFile; fileRef = 34F9452416D1D22A000C9620 /* Foundation.framework */; };
		34F9452716D1D22A000C9620 /* CoreGraphics.framework in Frameworks */ = {isa = PBXBuildFile; fileRef = 34F9452616D1D22A000C9620 /* CoreGraphics.framework */; };
		34F9452D16D1D22B000C9620 /* InfoPlist.strings in Resources */ = {isa = PBXBuildFile; fileRef = 34F9452B16D1D22B000C9620 /* InfoPlist.strings */; };
		34F9452F16D1D22B000C9620 /* main.m in Sources */ = {isa = PBXBuildFile; fileRef = 34F9452E16D1D22B000C9620 /* main.m */; };
		34F9453316D1D22B000C9620 /* IncrementAppDelegate.m in Sources */ = {isa = PBXBuildFile; fileRef = 34F9453216D1D22B000C9620 /* IncrementAppDelegate.m */; };
		34F9453516D1D22B000C9620 /* Default.png in Resources */ = {isa = PBXBuildFile; fileRef = 34F9453416D1D22B000C9620 /* Default.png */; };
		34F9453716D1D22B000C9620 /* Default@2x.png in Resources */ = {isa = PBXBuildFile; fileRef = 34F9453616D1D22B000C9620 /* Default@2x.png */; };
		34F9453916D1D22B000C9620 /* Default-568h@2x.png in Resources */ = {isa = PBXBuildFile; fileRef = 34F9453816D1D22B000C9620 /* Default-568h@2x.png */; };
		34F9453C16D1D22B000C9620 /* IncrementViewController.m in Sources */ = {isa = PBXBuildFile; fileRef = 34F9453B16D1D22B000C9620 /* IncrementViewController.m */; };
		34F9453F16D1D22B000C9620 /* IncrementViewController.xib in Resources */ = {isa = PBXBuildFile; fileRef = 34F9453D16D1D22B000C9620 /* IncrementViewController.xib */; };
/* End PBXBuildFile section */

/* Begin PBXFileReference section */
		34F9451E16D1D229000C9620 /* IncrementApp.app */ = {isa = PBXFileReference; explicitFileType = wrapper.application; includeInIndex = 0; path = IncrementApp.app; sourceTree = BUILT_PRODUCTS_DIR; };
		34F9452216D1D22A000C9620 /* UIKit.framework */ = {isa = PBXFileReference; lastKnownFileType = wrapper.framework; name = UIKit.framework; path = System/Library/Frameworks/UIKit.framework; sourceTree = SDKROOT; };
		34F9452416D1D22A000C9620 /* Foundation.framework */ = {isa = PBXFileReference; lastKnownFileType = wrapper.framework; name = Foundation.framework; path = System/Library/Frameworks/Foundation.framework; sourceTree = SDKROOT; };
		34F9452616D1D22A000C9620 /* CoreGraphics.framework */ = {isa = PBXFileReference; lastKnownFileType = wrapper.framework; name = CoreGraphics.framework; path = System/Library/Frameworks/CoreGraphics.framework; sourceTree = SDKROOT; };
		34F9452A16D1D22B000C9620 /* IncrementApp-Info.plist */ = {isa = PBXFileReference; lastKnownFileType = text.plist.xml; path = "IncrementApp-Info.plist"; sourceTree = "<group>"; };
		34F9452C16D1D22B000C9620 /* en */ = {isa = PBXFileReference; lastKnownFileType = text.plist.strings; name = en; path = en.lproj/InfoPlist.strings; sourceTree = "<group>"; };
		34F9452E16D1D22B000C9620 /* main.m */ = {isa = PBXFileReference; lastKnownFileType = sourcecode.c.objc; path = main.m; sourceTree = "<group>"; };
		34F9453016D1D22B000C9620 /* IncrementApp-Prefix.pch */ = {isa = PBXFileReference; lastKnownFileType = sourcecode.c.h; path = "IncrementApp-Prefix.pch"; sourceTree = "<group>"; };
		34F9453116D1D22B000C9620 /* IncrementAppDelegate.h */ = {isa = PBXFileReference; lastKnownFileType = sourcecode.c.h; path = IncrementAppDelegate.h; sourceTree = "<group>"; };
		34F9453216D1D22B000C9620 /* IncrementAppDelegate.m */ = {isa = PBXFileReference; lastKnownFileType = sourcecode.c.objc; path = IncrementAppDelegate.m; sourceTree = "<group>"; };
		34F9453416D1D22B000C9620 /* Default.png */ = {isa = PBXFileReference; lastKnownFileType = image.png; path = Default.png; sourceTree = "<group>"; };
		34F9453616D1D22B000C9620 /* Default@2x.png */ = {isa = PBXFileReference; lastKnownFileType = image.png; path = "Default@2x.png"; sourceTree = "<group>"; };
		34F9453816D1D22B000C9620 /* Default-568h@2x.png */ = {isa = PBXFileReference; lastKnownFileType = image.png; path = "Default-568h@2x.png"; sourceTree = "<group>"; };
		34F9453A16D1D22B000C9620 /* IncrementViewController.h */ = {isa = PBXFileReference; lastKnownFileType = sourcecode.c.h; path = IncrementViewController.h; sourceTree = "<group>"; };
		34F9453B16D1D22B000C9620 /* IncrementViewController.m */ = {isa = PBXFileReference; lastKnownFileType = sourcecode.c.objc; path = IncrementViewController.m; sourceTree = "<group>"; };
		34F9453E16D1D22B000C9620 /* en */ = {isa = PBXFileReference; lastKnownFileType = file.xib; name = en; path = en.lproj/IncrementViewController.xib; sourceTree = "<group>"; };
/* End PBXFileReference section */

/* Begin PBXFrameworksBuildPhase section */
		34F9451B16D1D229000C9620 /* Frameworks */ = {
			isa = PBXFrameworksBuildPhase;
			buildActionMask = 2147483647;
			files = (
				34F9452316D1D22A000C9620 /* UIKit.framework in Frameworks */,
				34F9452516D1D22A000C9620 /* Foundation.framework in Frameworks */,
				34F9452716D1D22A000C9620 /* CoreGraphics.framework in Frameworks */,
			);
			runOnlyForDeploymentPostprocessing = 0;
		};
/* End PBXFrameworksBuildPhase section */

/* Begin PBXGroup section */
		34F9451316D1D229000C9620 = {
			isa = PBXGroup;
			children = (
				34F9452816D1D22A000C9620 /* IncrementApp */,
				34F9452116D1D22A000C9620 /* Frameworks */,
				34F9451F16D1D229000C9620 /* Products */,
			);
			sourceTree = "<group>";
		};
		34F9451F16D1D229000C9620 /* Products */ = {
			isa = PBXGroup;
			children = (
				34F9451E16D1D229000C9620 /* IncrementApp.app */,
			);
			name = Products;
			sourceTree = "<group>";
		};
		34F9452116D1D22A000C9620 /* Frameworks */ = {
			isa = PBXGroup;
			children = (
				34F9452216D1D22A000C9620 /* UIKit.framework */,
				34F9452416D1D22A000C9620 /* Foundation.framework */,
				34F9452616D1D22A000C9620 /* CoreGraphics.framework */,
			);
			name = Frameworks;
			sourceTree = "<group>";
		};
		34F9452816D1D22A000C9620 /* IncrementApp */ = {
			isa = PBXGroup;
			children = (
				34F9453116D1D22B000C9620 /* IncrementAppDelegate.h */,
				34F9453216D1D22B000C9620 /* IncrementAppDelegate.m */,
				34F9453A16D1D22B000C9620 /* IncrementViewController.h */,
				34F9453B16D1D22B000C9620 /* IncrementViewController.m */,
				34F9453D16D1D22B000C9620 /* IncrementViewController.xib */,
				34F9452916D1D22B000C9620 /* Supporting Files */,
			);
			path = IncrementApp;
			sourceTree = "<group>";
		};
		34F9452916D1D22B000C9620 /* Supporting Files */ = {
			isa = PBXGroup;
			children = (
				34F9452A16D1D22B000C9620 /* IncrementApp-Info.plist */,
				34F9452B16D1D22B000C9620 /* InfoPlist.strings */,
				34F9452E16D1D22B000C9620 /* main.m */,
				34F9453016D1D22B000C9620 /* IncrementApp-Prefix.pch */,
				34F9453416D1D22B000C9620 /* Default.png */,
				34F9453616D1D22B000C9620 /* Default@2x.png */,
				34F9453816D1D22B000C9620 /* Default-568h@2x.png */,
			);
			name = "Supporting Files";
			sourceTree = "<group>";
		};
/* End PBXGroup section */

/* Begin PBXNativeTarget section */
		34F9451D16D1D229000C9620 /* IncrementApp */ = {
			isa = PBXNativeTarget;
			buildConfigurationList = 34F9454216D1D22B000C9620 /* Build configuration list for PBXNativeTarget "IncrementApp" */;
			buildPhases = (
				34F9451A16D1D229000C9620 /* Sources */,
				34F9451B16D1D229000C9620 /* Frameworks */,
				34F9451C16D1D229000C9620 /* Resources */,
			);
			buildRules = (
			);
			dependencies = (
			);
			name = IncrementApp;
			productName = IncrementApp;
			productReference = 34F9451E16D1D229000C9620 /* IncrementApp.app */;
			productType = "com.apple.product-type.application";
		};
/* End PBXNativeTarget section */

/* Begin PBXProject section */
		34F9451516D1D229000C9620 /* Project object */ = {
			isa = PBXProject;
			attributes = {
				CLASSPREFIX = Increment;
				LastUpgradeCheck = 0450;
				ORGANIZATIONNAME = Matthew;
			};
			buildConfigurationList = 34F9451816D1D229000C9620 /* Build configuration list for PBXProject "IncrementApp" */;
			compatibilityVersion = "Xcode 3.2";
			developmentRegion = English;
			hasScannedForEncodings = 0;
			knownRegions = (
				en,
			);
			mainGroup = 34F9451316D1D229000C9620;
			productRefGroup = 34F9451F16D1D229000C9620 /* Products */;
			projectDirPath = "";
			projectRoot = "";
			targets = (
				34F9451D16D1D229000C9620 /* IncrementApp */,
			);
		};
/* End PBXProject section */

/* Begin PBXResourcesBuildPhase section */
		34F9451C16D1D229000C9620 /* Resources */ = {
			isa = PBXResourcesBuildPhase;
			buildActionMask = 2147483647;
			files = (
				34F9452D16D1D22B000C9620 /* InfoPlist.strings in Resources */,
				34F9453516D1D22B000C9620 /* Default.png in Resources */,
				34F9453716D1D22B000C9620 /* Default@2x.png in Resources */,
				34F9453916D1D22B000C9620 /* Default-568h@2x.png in Resources */,
				34F9453F16D1D22B000C9620 /* IncrementViewController.xib in Resources */,
			);
			runOnlyForDeploymentPostprocessing = 0;
		};
/* End PBXResourcesBuildPhase section */

/* Begin PBXSourcesBuildPhase section */
		34F9451A16D1D229000C9620 /* Sources */ = {
			isa = PBXSourcesBuildPhase;
			buildActionMask = 2147483647;
			files = (
				34F9452F16D1D22B000C9620 /* main.m in Sources */,
				34F9453316D1D22B000C9620 /* IncrementAppDelegate.m in Sources */,
				34F9453C16D1D22B000C9620 /* IncrementViewController.m in Sources */,
			);
			runOnlyForDeploymentPostprocessing = 0;
		};
/* End PBXSourcesBuildPhase section */

/* Begin PBXVariantGroup section */
		34F9452B16D1D22B000C9620 /* InfoPlist.strings */ = {
			isa = PBXVariantGroup;
			children = (
				34F9452C16D1D22B000C9620 /* en */,
			);
			name = InfoPlist.strings;
			sourceTree = "<group>";
		};
		34F9453D16D1D22B000C9620 /* IncrementViewController.xib */ = {
			isa = PBXVariantGroup;
			children = (
				34F9453E16D1D22B000C9620 /* en */,
			);
			name = IncrementViewController.xib;
			sourceTree = "<group>";
		};
/* End PBXVariantGroup section */

/* Begin XCBuildConfiguration section */
		34F9454016D1D22B000C9620 /* Debug */ = {
			isa = XCBuildConfiguration;
			buildSettings = {
				ALWAYS_SEARCH_USER_PATHS = NO;
				CLANG_CXX_LANGUAGE_STANDARD = "gnu++0x";
				CLANG_CXX_LIBRARY = "libc++";
				CLANG_ENABLE_OBJC_ARC = YES;
				CLANG_WARN_EMPTY_BODY = YES;
				CLANG_WARN__DUPLICATE_METHOD_MATCH = YES;
				"CODE_SIGN_IDENTITY[sdk=iphoneos*]" = "iPhone Developer";
				COPY_PHASE_STRIP = NO;
				GCC_C_LANGUAGE_STANDARD = gnu99;
				GCC_DYNAMIC_NO_PIC = NO;
				GCC_OPTIMIZATION_LEVEL = 0;
				GCC_PREPROCESSOR_DEFINITIONS = (
					"DEBUG=1",
					"$(inherited)",
				);
				GCC_SYMBOLS_PRIVATE_EXTERN = NO;
				GCC_WARN_ABOUT_RETURN_TYPE = YES;
				GCC_WARN_UNINITIALIZED_AUTOS = YES;
				GCC_WARN_UNUSED_VARIABLE = YES;
				IPHONEOS_DEPLOYMENT_TARGET = 6.0;
				SDKROOT = iphoneos;
			};
			name = Debug;
		};
		34F9454116D1D22B000C9620 /* Release */ = {
			isa = XCBuildConfiguration;
			buildSettings = {
				ALWAYS_SEARCH_USER_PATHS = NO;
				CLANG_CXX_LANGUAGE_STANDARD = "gnu++0x";
				CLANG_CXX_LIBRARY = "libc++";
				CLANG_ENABLE_OBJC_ARC = YES;
				CLANG_WARN_EMPTY_BODY = YES;
				CLANG_WARN__DUPLICATE_METHOD_MATCH = YES;
				"CODE_SIGN_IDENTITY[sdk=iphoneos*]" = "iPhone Developer";
				COPY_PHASE_STRIP = YES;
				GCC_C_LANGUAGE_STANDARD = gnu99;
				GCC_WARN_ABOUT_RETURN_TYPE = YES;
				GCC_WARN_UNINITIALIZED_AUTOS = YES;
				GCC_WARN_UNUSED_VARIABLE = YES;
				IPHONEOS_DEPLOYMENT_TARGET = 6.0;
				OTHER_CFLAGS = "-DNS_BLOCK_ASSERTIONS=1";
				SDKROOT = iphoneos;
				VALIDATE_PRODUCT = YES;
			};
			name = Release;
		};
		34F9454316D1D22B000C9620 /* Debug */ = {
			isa = XCBuildConfiguration;
			buildSettings = {
				GCC_PRECOMPILE_PREFIX_HEADER = YES;
				GCC_PREFIX_HEADER = "IncrementApp/IncrementApp-Prefix.pch";
				INFOPLIST_FILE = "IncrementApp/IncrementApp-Info.plist";
				PRODUCT_NAME = "$(TARGET_NAME)";
				WRAPPER_EXTENSION = app;
			};
			name = Debug;
		};
		34F9454416D1D22B000C9620 /* Release */ = {
			isa = XCBuildConfiguration;
			buildSettings = {
				GCC_PRECOMPILE_PREFIX_HEADER = YES;
				GCC_PREFIX_HEADER = "IncrementApp/IncrementApp-Prefix.pch";
				INFOPLIST_FILE = "IncrementApp/IncrementApp-Info.plist";
				PRODUCT_NAME = "$(TARGET_NAME)";
				WRAPPER_EXTENSION = app;
			};
			name = Release;
		};
/* End XCBuildConfiguration section */

/* Begin XCConfigurationList section */
		34F9451816D1D229000C9620 /* Build configuration list for PBXProject "IncrementApp" */ = {
			isa = XCConfigurationList;
			buildConfigurations = (
				34F9454016D1D22B000C9620 /* Debug */,
				34F9454116D1D22B000C9620 /* Release */,
			);
			defaultConfigurationIsVisible = 0;
			defaultConfigurationName = Release;
		};
		34F9454216D1D22B000C9620 /* Build configuration list for PBXNativeTarget "IncrementApp" */ = {
			isa = XCConfigurationList;
			buildConfigurations = (
				34F9454316D1D22B000C9620 /* Debug */,
				34F9454416D1D22B000C9620 /* Release */,
			);
			defaultConfigurationIsVisible = 0;
		};
/* End XCConfigurationList section */
	};
	rootObject = 34F9451516D1D229000C9620 /* Project object */;
}
